<?xml version="1.0" encoding="utf-8"?>
<Project ToolsVersion="4.0" xmlns="http://schemas.microsoft.com/developer/msbuild/2003">
  <ItemGroup>
    <Filter Include="Исходные файлы">
      <UniqueIdentifier>{4FC737F1-C7A5-4376-A066-2A32D752A2FF}</UniqueIdentifier>
      <Extensions>cpp;c;cc;cxx;c++;cppm;ixx;def;odl;idl;hpj;bat;asm;asmx</Extensions>
    </Filter>
    <Filter Include="Файлы заголовков">
      <UniqueIdentifier>{93995380-89BD-4b04-88EB-625FBE52EBFB}</UniqueIdentifier>
      <Extensions>h;hh;hpp;hxx;h++;hm;inl;inc;ipp;xsd</Extensions>
    </Filter>
    <Filter Include="Source">
      <UniqueIdentifier>{67DA6AB6-F800-4c08-8B7A-83BB121AAD01}</UniqueIdentifier>
      <Extensions>rc;ico;cur;bmp;dlg;rc2;rct;bin;rgs;gif;jpg;jpeg;jpe;resx;tiff;tif;png;wav;mfcribbon-ms</Extensions>
    </Filter>
    <Filter Include="Source\Core">
      <UniqueIdentifier>{827c0c19-5c7b-4169-abc5-d6bbfb54ac93}</UniqueIdentifier>
    </Filter>
    <Filter Include="Source\Includes">
      <UniqueIdentifier>{d307251f-2373-44af-bbeb-c1d002375de0}</UniqueIdentifier>
    </Filter>
    <Filter Include="Source\Includes\AES">
      <UniqueIdentifier>{fd850a6b-c00c-4bac-ac59-b7a4ab47def7}</UniqueIdentifier>
    </Filter>
    <Filter Include="Source\Modules">
      <UniqueIdentifier>{d2d24d57-dd7c-4815-991c-c739dcf566b6}</UniqueIdentifier>
    </Filter>
    <Filter Include="Source\Includes\AES\SHA256">
      <UniqueIdentifier>{143758bb-034b-495a-868d-deaf6ef6a664}</UniqueIdentifier>
    </Filter>
    <Filter Include="Source\Modules\XMLModule">
      <UniqueIdentifier>{062960f1-0201-415e-898c-e1c4544a09bc}</UniqueIdentifier>
    </Filter>
    <Filter Include="Source\Modules\SystemModule">
      <UniqueIdentifier>{fc81618b-d3ea-4ee4-95d5-b90930731ee7}</UniqueIdentifier>
    </Filter>
    <Filter Include="Source\Modules\FilesControlModule">
      <UniqueIdentifier>{c99c8543-9d06-4122-b9ae-7ba73cf77ea0}</UniqueIdentifier>
    </Filter>
  </ItemGroup>
  <ItemGroup>
    <ClCompile Include="Source\Core\main.cpp">
      <Filter>Source\Core</Filter>
    </ClCompile>
    <ClCompile Include="Source\Core\GarbageCollector.cpp">
      <Filter>Source\Core</Filter>
    </ClCompile>
    <ClCompile Include="Source\Core\Logger.cpp">
      <Filter>Source\Core</Filter>
    </ClCompile>
    <ClCompile Include="Source\pch.cpp">
      <Filter>Source</Filter>
    </ClCompile>
    <ClCompile Include="Source\Modules\IBaseModule.cpp">
      <Filter>Source\Modules</Filter>
    </ClCompile>
    <ClCompile Include="Source\Modules\XMLModule\XMLModule.cpp">
      <Filter>Source\Modules\XMLModule</Filter>
    </ClCompile>
    <ClCompile Include="Source\Modules\SystemModule\SystemModule.cpp">
      <Filter>Source\Modules\SystemModule</Filter>
    </ClCompile>
    <ClCompile Include="Source\Modules\CommandParserModule\CommandParserModule.cpp">
      <Filter>Исходные файлы</Filter>
    </ClCompile>
    <ClCompile Include="Source\Modules\FilesControlModule\FilesControlModule.cpp">
      <Filter>Исходные файлы</Filter>
    </ClCompile>
    <ClCompile Include="Source\Modules\FilesControlModule\FilesControlModule.cpp">
      <Filter>Source\Modules\FilesControlModule</Filter>
    </ClCompile>
  </ItemGroup>
  <ItemGroup>
    <ClInclude Include="Source\Core\GarbageCollector.h">
      <Filter>Source\Core</Filter>
    </ClInclude>
    <ClInclude Include="Source\Core\Logger.h">
      <Filter>Source\Core</Filter>
    </ClInclude>
    <ClInclude Include="Source\pch.h">
      <Filter>Source</Filter>
    </ClInclude>
    <ClInclude Include="..\Includes\SHA256\SHA256.h">
      <Filter>Source\Includes\AES\SHA256</Filter>
    </ClInclude>
    <ClInclude Include="..\Includes\AES\AES.h">
      <Filter>Source\Includes\AES</Filter>
    </ClInclude>
    <ClInclude Include="Source\Modules\IBaseModule.h">
      <Filter>Source\Modules</Filter>
    </ClInclude>
    <ClInclude Include="Source\Modules\XMLModule\XMLModule.h">
      <Filter>Source\Modules\XMLModule</Filter>
    </ClInclude>
    <ClInclude Include="Source\Modules\SystemModule\SystemModule.h">
      <Filter>Source\Modules\SystemModule</Filter>
    </ClInclude>
    <ClInclude Include="Source\Modules\CommandParserModule\CommandParserModule.h">
      <Filter>Файлы заголовков</Filter>
    </ClInclude>
    <ClInclude Include="Source\Modules\FilesControlModule\FilesControlModule.h">
      <Filter>Файлы заголовков</Filter>
    </ClInclude>
    <ClInclude Include="Source\Modules\FilesControlModule\FilesControlModule.h">
      <Filter>Source\Modules\FilesControlModule</Filter>
    </ClInclude>
  </ItemGroup>
</Project>