<?xml version="1.0" encoding="utf-8"?>
<Project ToolsVersion="4.0" xmlns="http://schemas.microsoft.com/developer/msbuild/2003">
  <ItemGroup>
    <Filter Include="Исходные файлы">
      <UniqueIdentifier>{4FC737F1-C7A5-4376-A066-2A32D752A2FF}</UniqueIdentifier>
      <Extensions>cpp;c;cc;cxx;c++;cppm;ixx;def;odl;idl;hpj;bat;asm;asmx</Extensions>
    </Filter>
    <Filter Include="Файлы заголовков">
      <UniqueIdentifier>{93995380-89BD-4b04-88EB-625FBE52EBFB}</UniqueIdentifier>
      <Extensions>h;hh;hpp;hxx;h++;hm;inl;inc;ipp;xsd</Extensions>
    </Filter>
    <Filter Include="Source">
      <UniqueIdentifier>{67DA6AB6-F800-4c08-8B7A-83BB121AAD01}</UniqueIdentifier>
      <Extensions>rc;ico;cur;bmp;dlg;rc2;rct;bin;rgs;gif;jpg;jpeg;jpe;resx;tiff;tif;png;wav;mfcribbon-ms</Extensions>
    </Filter>
    <Filter Include="Source\Core">
      <UniqueIdentifier>{827c0c19-5c7b-4169-abc5-d6bbfb54ac93}</UniqueIdentifier>
    </Filter>
    <Filter Include="Source\FileControll">
      <UniqueIdentifier>{abe4da7d-f8bf-47ab-8a04-316cbc0a199b}</UniqueIdentifier>
    </Filter>
    <Filter Include="Source\Internet">
      <UniqueIdentifier>{f3b10f11-5fc2-4fa4-b075-abba6e7d5118}</UniqueIdentifier>
    </Filter>
    <Filter Include="Source\CommandParser">
      <UniqueIdentifier>{da9df5b0-6276-46d4-bd67-31a63e4f0e3f}</UniqueIdentifier>
    </Filter>
  </ItemGroup>
  <ItemGroup>
    <ClCompile Include="Source\Core\IBaseComponent.cpp">
      <Filter>Source\Core</Filter>
    </ClCompile>
    <ClCompile Include="Source\Core\main.cpp">
      <Filter>Source\Core</Filter>
    </ClCompile>
    <ClCompile Include="Source\FileControll\private\FileControll.cpp">
      <Filter>Source\FileControll</Filter>
    </ClCompile>
    <ClCompile Include="Source\FileControll\private\XMLComponent.cpp">
      <Filter>Source\FileControll</Filter>
    </ClCompile>
    <ClCompile Include="Source\Internet\private\InternetComponent.cpp">
      <Filter>Source\Internet</Filter>
    </ClCompile>
    <ClCompile Include="Source\Core\GarbageCollector.cpp">
      <Filter>Source\Core</Filter>
    </ClCompile>
    <ClCompile Include="Source\CommandParser\private\CommandParserComponent.cpp">
      <Filter>Source\CommandParser</Filter>
    </ClCompile>
  </ItemGroup>
  <ItemGroup>
    <ClInclude Include="Source\Core\IBaseComponent.h">
      <Filter>Source\Core</Filter>
    </ClInclude>
    <ClInclude Include="Source\FileControll\public\FileControll.h">
      <Filter>Source\FileControll</Filter>
    </ClInclude>
    <ClInclude Include="Source\FileControll\public\XMLComponent.h">
      <Filter>Source\FileControll</Filter>
    </ClInclude>
    <ClInclude Include="Source\Internet\public\InternetComponent.h">
      <Filter>Source\Internet</Filter>
    </ClInclude>
    <ClInclude Include="Source\Core\GarbageCollector.h">
      <Filter>Source\Core</Filter>
    </ClInclude>
    <ClInclude Include="Source\CommandParser\public\CommandParserComponent.h">
      <Filter>Source\CommandParser</Filter>
    </ClInclude>
  </ItemGroup>
</Project>