<?xml version="1.0" encoding="utf-8"?>
<Project ToolsVersion="4.0" xmlns="http://schemas.microsoft.com/developer/msbuild/2003">
  <ItemGroup>
    <Filter Include="Файлы заголовков">
      <UniqueIdentifier>{93995380-89BD-4b04-88EB-625FBE52EBFB}</UniqueIdentifier>
      <Extensions>h;hh;hpp;hxx;h++;hm;inl;inc;ipp;xsd</Extensions>
    </Filter>
    <Filter Include="Файлы ресурсов">
      <UniqueIdentifier>{67DA6AB6-F800-4c08-8B7A-83BB121AAD01}</UniqueIdentifier>
      <Extensions>rc;ico;cur;bmp;dlg;rc2;rct;bin;rgs;gif;jpg;jpeg;jpe;resx;tiff;tif;png;wav;mfcribbon-ms</Extensions>
    </Filter>
    <Filter Include="Source">
      <UniqueIdentifier>{4FC737F1-C7A5-4376-A066-2A32D752A2FF}</UniqueIdentifier>
      <Extensions>cpp;c;cc;cxx;c++;cppm;ixx;def;odl;idl;hpj;bat;asm;asmx</Extensions>
    </Filter>
    <Filter Include="Source\Core">
      <UniqueIdentifier>{703fe3c7-8954-4e29-aeb1-878499a55637}</UniqueIdentifier>
    </Filter>
    <Filter Include="Source\Modules">
      <UniqueIdentifier>{561d9359-1ea0-40ba-90af-a124e0af5650}</UniqueIdentifier>
    </Filter>
    <Filter Include="Source\Modules\FilesModule">
      <UniqueIdentifier>{022d1b4d-7519-4c99-924d-efaf16adcadf}</UniqueIdentifier>
    </Filter>
    <Filter Include="Source\Modules\FilesModule\public">
      <UniqueIdentifier>{45fef64e-82a9-4ed2-9c22-a2bf750bacc3}</UniqueIdentifier>
    </Filter>
    <Filter Include="Source\Modules\FilesModule\private">
      <UniqueIdentifier>{8a6c64e7-b118-43e4-9bc5-ceaf551a2b3a}</UniqueIdentifier>
    </Filter>
    <Filter Include="Source\Modules\Authentication">
      <UniqueIdentifier>{3513261c-f460-4a26-988f-300b277b2c9b}</UniqueIdentifier>
    </Filter>
    <Filter Include="Source\Includes">
      <UniqueIdentifier>{4829973e-8e32-4b6e-8877-0046b9c7e285}</UniqueIdentifier>
    </Filter>
    <Filter Include="Source\Includes\SHA256">
      <UniqueIdentifier>{484316c0-9b37-42f0-a18e-0cc6e866e974}</UniqueIdentifier>
    </Filter>
    <Filter Include="Source\Includes\AES">
      <UniqueIdentifier>{26156ad2-d20a-46cd-b5ce-7d13c06497c9}</UniqueIdentifier>
    </Filter>
    <Filter Include="Source\Modules\ServerModule">
      <UniqueIdentifier>{1f7d748c-c968-4b5c-bd57-6c692ea87e69}</UniqueIdentifier>
    </Filter>
    <Filter Include="Source\Modules\ServerModule\public">
      <UniqueIdentifier>{433a7002-5ea3-41cd-bafd-488cc018b285}</UniqueIdentifier>
    </Filter>
    <Filter Include="Source\Modules\ServerModule\private">
      <UniqueIdentifier>{abb3adaa-352f-4e9f-a1e6-89921bc4d10b}</UniqueIdentifier>
    </Filter>
  </ItemGroup>
  <ItemGroup>
    <ClCompile Include="Source\Core\main.cpp">
      <Filter>Source\Core</Filter>
    </ClCompile>
    <ClCompile Include="Source\Modules\FilesModule\private\FilesModule.cpp">
      <Filter>Source\Modules\FilesModule\private</Filter>
    </ClCompile>
    <ClCompile Include="Source\Modules\IBaseModule.cpp">
      <Filter>Source\Modules</Filter>
    </ClCompile>
    <ClCompile Include="Source\Core\GarbageCollector.cpp">
      <Filter>Source\Core</Filter>
    </ClCompile>
    <ClCompile Include="Source\Core\Logger.cpp">
      <Filter>Source\Core</Filter>
    </ClCompile>
    <ClCompile Include="Source\Modules\Authentication\private\AuthenticationModule.cpp">
      <Filter>Source\Modules\Authentication</Filter>
    </ClCompile>
    <ClCompile Include="Source\Modules\ServerModule\private\ServerModule.cpp">
      <Filter>Source\Modules\ServerModule\private</Filter>
    </ClCompile>
  </ItemGroup>
  <ItemGroup>
    <ClInclude Include="Source\Modules\FilesModule\public\FilesModule.h">
      <Filter>Source\Modules\FilesModule\public</Filter>
    </ClInclude>
    <ClInclude Include="Source\Modules\IBaseModule.h">
      <Filter>Source\Modules</Filter>
    </ClInclude>
    <ClInclude Include="Source\Core\GarbageCollector.h">
      <Filter>Source\Core</Filter>
    </ClInclude>
    <ClInclude Include="Source\Core\Logger.h">
      <Filter>Source\Core</Filter>
    </ClInclude>
    <ClInclude Include="Source\Modules\Authentication\public\AuthenticationModule.h">
      <Filter>Source\Modules\Authentication</Filter>
    </ClInclude>
    <ClInclude Include="..\Includes\SHA256\SHA256.h">
      <Filter>Source\Includes\SHA256</Filter>
    </ClInclude>
    <ClInclude Include="..\Includes\AES\AES.h">
      <Filter>Source\Includes\AES</Filter>
    </ClInclude>
    <ClInclude Include="Source\Modules\ServerModule\public\ServerModule.h">
      <Filter>Source\Modules\ServerModule\public</Filter>
    </ClInclude>
  </ItemGroup>
</Project>